
Microsoft Visual Studio Solution File, Format Version 10.00
# Visual Studio 2008
Project("{FAE04EC0-301F-11D3-BF4B-00C04F79EFBC}") = "MvcApplication1", "MvcApplication1\MvcApplication1.csproj", "{35B01362-5374-4429-8E70-4B64FC2B881E}"
EndProject
Project("{FAE04EC0-301F-11D3-BF4B-00C04F79EFBC}") = "MvcApplication1.Tests", "MvcApplication1.Tests\MvcApplication1.Tests.csproj", "{75FA030D-6B37-4B6A-833C-86665F50EA59}"
EndProject
Global
	GlobalSection(SolutionConfigurationPlatforms) = preSolution
		Debug|Any CPU = Debug|Any CPU
		Release|Any CPU = Release|Any CPU
	EndGlobalSection
	GlobalSection(ProjectConfigurationPlatforms) = postSolution
		{35B01362-5374-4429-8E70-4B64FC2B881E}.Debug|Any CPU.ActiveCfg = Debug|Any CPU
		{35B01362-5374-4429-8E70-4B64FC2B881E}.Debug|Any CPU.Build.0 = Debug|Any CPU
		{35B01362-5374-4429-8E70-4B64FC2B881E}.Release|Any CPU.ActiveCfg = Release|Any CPU
		{35B01362-5374-4429-8E70-4B64FC2B881E}.Release|Any CPU.Build.0 = Release|Any CPU
		{75FA030D-6B37-4B6A-833C-86665F50EA59}.Debug|Any CPU.ActiveCfg = Debug|Any CPU
		{75FA030D-6B37-4B6A-833C-86665F50EA59}.Debug|Any CPU.Build.0 = Debug|Any CPU
		{75FA030D-6B37-4B6A-833C-86665F50EA59}.Release|Any CPU.ActiveCfg = Release|Any CPU
		{75FA030D-6B37-4B6A-833C-86665F50EA59}.Release|Any CPU.Build.0 = Release|Any CPU
	EndGlobalSection
	GlobalSection(SolutionProperties) = preSolution
		HideSolutionNode = FALSE
	EndGlobalSection
EndGlobal
